PODS:
  - Applozic (7.11.1):
    - SDWebImage (~> 5.9.2)
  - ApplozicSwift (5.11.0):
    - ApplozicSwift/Complete (= 5.11.0)
  - ApplozicSwift/Complete (5.11.0):
    - Applozic (~> 7.11.0)
    - ApplozicSwift/RichMessageKit
    - Kingfisher (~> 5.14.0)
    - MGSwipeTableCell (~> 1.6.11)
  - ApplozicSwift/RichMessageKit (5.11.0)
  - Kingfisher (5.14.1):
    - Kingfisher/Core (= 5.14.1)
  - Kingfisher/Core (5.14.1)
  - MGSwipeTableCell (1.6.11)
  - SDWebImage (5.9.4):
    - SDWebImage/Core (= 5.9.4)
  - SDWebImage/Core (5.9.4)

DEPENDENCIES:
  - ApplozicSwift

SPEC REPOS:
  trunk:
    - Applozic
    - ApplozicSwift
    - Kingfisher
    - MGSwipeTableCell
    - SDWebImage

SPEC CHECKSUMS:
  Applozic: 673eba55f167f1b06004ec8f959b356d3a59af66
  ApplozicSwift: be53e7cd9b957e4e5d51c92839aa8006e74f6e06
  Kingfisher: 8050bc6f7f68cbf3908bd04df7ccbac188f6d6d6
  MGSwipeTableCell: b804e4e450dee439c42250be90bd50458bf67fce
  SDWebImage: b69257f4ab14e9b6a2ef53e910fdf914d8f757c1

PODFILE CHECKSUM: fe9ae76d624f492a14672b1966ed3f160fb49760

COCOAPODS: 1.10.0
